
Microsoft Visual Studio Solution File, Format Version 12.00
# Visual Studio 15
VisualStudioVersion = 15.0.28307.329
MinimumVisualStudioVersion = 10.0.40219.1
Project("{FAE04EC0-301F-11D3-BF4B-00C04F79EFBC}") = "CountryArea", "CountryArea\CountryArea.csproj", "{0FDC7CEB-4C7B-4739-817B-594C3997C77B}"
EndProject
Global
	GlobalSection(SolutionConfigurationPlatforms) = preSolution
		Debug|Any CPU = Debug|Any CPU
		Release|Any CPU = Release|Any CPU
	EndGlobalSection
	GlobalSection(ProjectConfigurationPlatforms) = postSolution
		{0FDC7CEB-4C7B-4739-817B-594C3997C77B}.Debug|Any CPU.ActiveCfg = Debug|Any CPU
		{0FDC7CEB-4C7B-4739-817B-594C3997C77B}.Debug|Any CPU.Build.0 = Debug|Any CPU
		{0FDC7CEB-4C7B-4739-817B-594C3997C77B}.Release|Any CPU.ActiveCfg = Release|Any CPU
		{0FDC7CEB-4C7B-4739-817B-594C3997C77B}.Release|Any CPU.Build.0 = Release|Any CPU
	EndGlobalSection
	GlobalSection(SolutionProperties) = preSolution
		HideSolutionNode = FALSE
	EndGlobalSection
	GlobalSection(ExtensibilityGlobals) = postSolution
		SolutionGuid = {FD9F64D2-73A8-429F-B880-0A996F9EC960}
	EndGlobalSection
EndGlobal
